
Microsoft Visual Studio Solution File, Format Version 11.00
# Visual Studio 2010
Project("{CBFFD769-2251-E5A2-A6FC-DB835E529444}") = "AR_Example", "Assembly-UnityScript.unityproj", "{2949BCF0-8F42-DEA7-F004-40C0FC8A4BE8}"
EndProject
Project("{FAE04EC0-301F-11D3-BF4B-00C04F79EFBC}") = "AR_Example", "Assembly-CSharp.csproj", "{C4B0A579-CA62-FFEC-1652-6D56CCC2C470}"
EndProject
Project("{FAE04EC0-301F-11D3-BF4B-00C04F79EFBC}") = "AR_Example", "Assembly-CSharp-Editor.csproj", "{A1EFA46E-A79C-89E6-31C2-436636A04123}"
EndProject
Global
	GlobalSection(SolutionConfigurationPlatforms) = preSolution
		Debug|Any CPU = Debug|Any CPU
		Release|Any CPU = Release|Any CPU
	EndGlobalSection
	GlobalSection(ProjectConfigurationPlatforms) = postSolution
		{2949BCF0-8F42-DEA7-F004-40C0FC8A4BE8}.Debug|Any CPU.ActiveCfg = Debug|Any CPU
		{2949BCF0-8F42-DEA7-F004-40C0FC8A4BE8}.Debug|Any CPU.Build.0 = Debug|Any CPU
		{2949BCF0-8F42-DEA7-F004-40C0FC8A4BE8}.Release|Any CPU.ActiveCfg = Release|Any CPU
		{2949BCF0-8F42-DEA7-F004-40C0FC8A4BE8}.Release|Any CPU.Build.0 = Release|Any CPU
		{C4B0A579-CA62-FFEC-1652-6D56CCC2C470}.Debug|Any CPU.ActiveCfg = Debug|Any CPU
		{C4B0A579-CA62-FFEC-1652-6D56CCC2C470}.Debug|Any CPU.Build.0 = Debug|Any CPU
		{C4B0A579-CA62-FFEC-1652-6D56CCC2C470}.Release|Any CPU.ActiveCfg = Release|Any CPU
		{C4B0A579-CA62-FFEC-1652-6D56CCC2C470}.Release|Any CPU.Build.0 = Release|Any CPU
		{A1EFA46E-A79C-89E6-31C2-436636A04123}.Debug|Any CPU.ActiveCfg = Debug|Any CPU
		{A1EFA46E-A79C-89E6-31C2-436636A04123}.Debug|Any CPU.Build.0 = Debug|Any CPU
		{A1EFA46E-A79C-89E6-31C2-436636A04123}.Release|Any CPU.ActiveCfg = Release|Any CPU
		{A1EFA46E-A79C-89E6-31C2-436636A04123}.Release|Any CPU.Build.0 = Release|Any CPU
	EndGlobalSection
	GlobalSection(SolutionProperties) = preSolution
		HideSolutionNode = FALSE
	EndGlobalSection
	GlobalSection(MonoDevelopProperties) = preSolution
		StartupItem = Assembly-CSharp.csproj
	EndGlobalSection
EndGlobal
