
Microsoft Visual Studio Solution File, Format Version 11.00
# Visual Studio 2010
Project("{FAE04EC0-301F-11D3-BF4B-00C04F79EFBC}") = "AR OP", "Assembly-CSharp.csproj", "{C2FDE834-AE06-4D64-8D59-DC3C785D6207}"
EndProject
Project("{D05C747B-03DE-FE48-7CF1-5597A7135529}") = "AR OP", "Assembly-UnityScript.unityproj", "{434A439A-93CE-3719-709D-2A1F55D9C7E5}"
EndProject
Project("{FAE04EC0-301F-11D3-BF4B-00C04F79EFBC}") = "AR OP", "Assembly-CSharp-Editor.csproj", "{2809E2F7-32F4-125B-1FD5-945DCEE72A9C}"
EndProject
Global
	GlobalSection(SolutionConfigurationPlatforms) = preSolution
		Debug|Any CPU = Debug|Any CPU
		Release|Any CPU = Release|Any CPU
	EndGlobalSection
	GlobalSection(ProjectConfigurationPlatforms) = postSolution
		{C2FDE834-AE06-4D64-8D59-DC3C785D6207}.Debug|Any CPU.ActiveCfg = Debug|Any CPU
		{C2FDE834-AE06-4D64-8D59-DC3C785D6207}.Debug|Any CPU.Build.0 = Debug|Any CPU
		{C2FDE834-AE06-4D64-8D59-DC3C785D6207}.Release|Any CPU.ActiveCfg = Release|Any CPU
		{C2FDE834-AE06-4D64-8D59-DC3C785D6207}.Release|Any CPU.Build.0 = Release|Any CPU
		{434A439A-93CE-3719-709D-2A1F55D9C7E5}.Debug|Any CPU.ActiveCfg = Debug|Any CPU
		{434A439A-93CE-3719-709D-2A1F55D9C7E5}.Debug|Any CPU.Build.0 = Debug|Any CPU
		{434A439A-93CE-3719-709D-2A1F55D9C7E5}.Release|Any CPU.ActiveCfg = Release|Any CPU
		{434A439A-93CE-3719-709D-2A1F55D9C7E5}.Release|Any CPU.Build.0 = Release|Any CPU
		{2809E2F7-32F4-125B-1FD5-945DCEE72A9C}.Debug|Any CPU.ActiveCfg = Debug|Any CPU
		{2809E2F7-32F4-125B-1FD5-945DCEE72A9C}.Debug|Any CPU.Build.0 = Debug|Any CPU
		{2809E2F7-32F4-125B-1FD5-945DCEE72A9C}.Release|Any CPU.ActiveCfg = Release|Any CPU
		{2809E2F7-32F4-125B-1FD5-945DCEE72A9C}.Release|Any CPU.Build.0 = Release|Any CPU
	EndGlobalSection
	GlobalSection(SolutionProperties) = preSolution
		HideSolutionNode = FALSE
	EndGlobalSection
	GlobalSection(MonoDevelopProperties) = preSolution
		StartupItem = Assembly-CSharp.csproj
	EndGlobalSection
EndGlobal
